
Microsoft Visual Studio Solution File, Format Version 12.00
# Visual Studio Version 17
VisualStudioVersion = 17.5.2.0
MinimumVisualStudioVersion = 10.0.40219.1
Project("{FAE04EC0-301F-11D3-BF4B-00C04F79EFBC}") = "API", "API\API.csproj", "{CBFA08EA-AECE-205F-7B85-326FD0B81BAD}"
EndProject
Project("{FAE04EC0-301F-11D3-BF4B-00C04F79EFBC}") = "Application", "Application\Application.csproj", "{F80C4E72-27A0-12B5-0634-DD5C11CFB0C1}"
EndProject
Project("{FAE04EC0-301F-11D3-BF4B-00C04F79EFBC}") = "Domain", "Domain\Domain.csproj", "{E528BBC3-1C26-8C35-F682-23718816ADCD}"
EndProject
Project("{FAE04EC0-301F-11D3-BF4B-00C04F79EFBC}") = "Infrastructure", "Infrastructure\Infrastructure.csproj", "{5872AEB3-BAA3-FE31-B0EB-0FB6DBEDCF83}"
EndProject
Project("{FAE04EC0-301F-11D3-BF4B-00C04F79EFBC}") = "Application.Tests.Unit", "Application.Tests.Unit\Application.Tests.Unit.csproj", "{16A52D05-8F99-4DA9-9ED3-68753FF12343}"
EndProject
Project("{FAE04EC0-301F-11D3-BF4B-00C04F79EFBC}") = "API.Tests.Integration", "API.Tests.Integration\API.Tests.Integration.csproj", "{DED8D2CA-D56B-4D65-9C25-37770D46AFE5}"
EndProject
Project("{FAE04EC0-301F-11D3-BF4B-00C04F79EFBC}") = "API.Tests.Performance", "API.Tests.Performance\API.Tests.Performance.csproj", "{B134C903-C4E9-43A8-9082-9245A4DD3DE0}"
EndProject
Global
	GlobalSection(SolutionConfigurationPlatforms) = preSolution
		Debug|Any CPU = Debug|Any CPU
		Debug|x64 = Debug|x64
		Debug|x86 = Debug|x86
		Release|Any CPU = Release|Any CPU
		Release|x64 = Release|x64
		Release|x86 = Release|x86
	EndGlobalSection
	GlobalSection(ProjectConfigurationPlatforms) = postSolution
		{CBFA08EA-AECE-205F-7B85-326FD0B81BAD}.Debug|Any CPU.ActiveCfg = Debug|Any CPU
		{CBFA08EA-AECE-205F-7B85-326FD0B81BAD}.Debug|Any CPU.Build.0 = Debug|Any CPU
		{CBFA08EA-AECE-205F-7B85-326FD0B81BAD}.Debug|x64.ActiveCfg = Debug|Any CPU
		{CBFA08EA-AECE-205F-7B85-326FD0B81BAD}.Debug|x64.Build.0 = Debug|Any CPU
		{CBFA08EA-AECE-205F-7B85-326FD0B81BAD}.Debug|x86.ActiveCfg = Debug|Any CPU
		{CBFA08EA-AECE-205F-7B85-326FD0B81BAD}.Debug|x86.Build.0 = Debug|Any CPU
		{CBFA08EA-AECE-205F-7B85-326FD0B81BAD}.Release|Any CPU.ActiveCfg = Release|Any CPU
		{CBFA08EA-AECE-205F-7B85-326FD0B81BAD}.Release|Any CPU.Build.0 = Release|Any CPU
		{CBFA08EA-AECE-205F-7B85-326FD0B81BAD}.Release|x64.ActiveCfg = Release|Any CPU
		{CBFA08EA-AECE-205F-7B85-326FD0B81BAD}.Release|x64.Build.0 = Release|Any CPU
		{CBFA08EA-AECE-205F-7B85-326FD0B81BAD}.Release|x86.ActiveCfg = Release|Any CPU
		{CBFA08EA-AECE-205F-7B85-326FD0B81BAD}.Release|x86.Build.0 = Release|Any CPU
		{F80C4E72-27A0-12B5-0634-DD5C11CFB0C1}.Debug|Any CPU.ActiveCfg = Debug|Any CPU
		{F80C4E72-27A0-12B5-0634-DD5C11CFB0C1}.Debug|Any CPU.Build.0 = Debug|Any CPU
		{F80C4E72-27A0-12B5-0634-DD5C11CFB0C1}.Debug|x64.ActiveCfg = Debug|Any CPU
		{F80C4E72-27A0-12B5-0634-DD5C11CFB0C1}.Debug|x64.Build.0 = Debug|Any CPU
		{F80C4E72-27A0-12B5-0634-DD5C11CFB0C1}.Debug|x86.ActiveCfg = Debug|Any CPU
		{F80C4E72-27A0-12B5-0634-DD5C11CFB0C1}.Debug|x86.Build.0 = Debug|Any CPU
		{F80C4E72-27A0-12B5-0634-DD5C11CFB0C1}.Release|Any CPU.ActiveCfg = Release|Any CPU
		{F80C4E72-27A0-12B5-0634-DD5C11CFB0C1}.Release|Any CPU.Build.0 = Release|Any CPU
		{F80C4E72-27A0-12B5-0634-DD5C11CFB0C1}.Release|x64.ActiveCfg = Release|Any CPU
		{F80C4E72-27A0-12B5-0634-DD5C11CFB0C1}.Release|x64.Build.0 = Release|Any CPU
		{F80C4E72-27A0-12B5-0634-DD5C11CFB0C1}.Release|x86.ActiveCfg = Release|Any CPU
		{F80C4E72-27A0-12B5-0634-DD5C11CFB0C1}.Release|x86.Build.0 = Release|Any CPU
		{E528BBC3-1C26-8C35-F682-23718816ADCD}.Debug|Any CPU.ActiveCfg = Debug|Any CPU
		{E528BBC3-1C26-8C35-F682-23718816ADCD}.Debug|Any CPU.Build.0 = Debug|Any CPU
		{E528BBC3-1C26-8C35-F682-23718816ADCD}.Debug|x64.ActiveCfg = Debug|Any CPU
		{E528BBC3-1C26-8C35-F682-23718816ADCD}.Debug|x64.Build.0 = Debug|Any CPU
		{E528BBC3-1C26-8C35-F682-23718816ADCD}.Debug|x86.ActiveCfg = Debug|Any CPU
		{E528BBC3-1C26-8C35-F682-23718816ADCD}.Debug|x86.Build.0 = Debug|Any CPU
		{E528BBC3-1C26-8C35-F682-23718816ADCD}.Release|Any CPU.ActiveCfg = Release|Any CPU
		{E528BBC3-1C26-8C35-F682-23718816ADCD}.Release|Any CPU.Build.0 = Release|Any CPU
		{E528BBC3-1C26-8C35-F682-23718816ADCD}.Release|x64.ActiveCfg = Release|Any CPU
		{E528BBC3-1C26-8C35-F682-23718816ADCD}.Release|x64.Build.0 = Release|Any CPU
		{E528BBC3-1C26-8C35-F682-23718816ADCD}.Release|x86.ActiveCfg = Release|Any CPU
		{E528BBC3-1C26-8C35-F682-23718816ADCD}.Release|x86.Build.0 = Release|Any CPU
		{5872AEB3-BAA3-FE31-B0EB-0FB6DBEDCF83}.Debug|Any CPU.ActiveCfg = Debug|Any CPU
		{5872AEB3-BAA3-FE31-B0EB-0FB6DBEDCF83}.Debug|Any CPU.Build.0 = Debug|Any CPU
		{5872AEB3-BAA3-FE31-B0EB-0FB6DBEDCF83}.Debug|x64.ActiveCfg = Debug|Any CPU
		{5872AEB3-BAA3-FE31-B0EB-0FB6DBEDCF83}.Debug|x64.Build.0 = Debug|Any CPU
		{5872AEB3-BAA3-FE31-B0EB-0FB6DBEDCF83}.Debug|x86.ActiveCfg = Debug|Any CPU
		{5872AEB3-BAA3-FE31-B0EB-0FB6DBEDCF83}.Debug|x86.Build.0 = Debug|Any CPU
		{5872AEB3-BAA3-FE31-B0EB-0FB6DBEDCF83}.Release|Any CPU.ActiveCfg = Release|Any CPU
		{5872AEB3-BAA3-FE31-B0EB-0FB6DBEDCF83}.Release|Any CPU.Build.0 = Release|Any CPU
		{5872AEB3-BAA3-FE31-B0EB-0FB6DBEDCF83}.Release|x64.ActiveCfg = Release|Any CPU
		{5872AEB3-BAA3-FE31-B0EB-0FB6DBEDCF83}.Release|x64.Build.0 = Release|Any CPU
		{5872AEB3-BAA3-FE31-B0EB-0FB6DBEDCF83}.Release|x86.ActiveCfg = Release|Any CPU
		{5872AEB3-BAA3-FE31-B0EB-0FB6DBEDCF83}.Release|x86.Build.0 = Release|Any CPU
		{16A52D05-8F99-4DA9-9ED3-68753FF12343}.Debug|Any CPU.ActiveCfg = Debug|Any CPU
		{16A52D05-8F99-4DA9-9ED3-68753FF12343}.Debug|Any CPU.Build.0 = Debug|Any CPU
		{16A52D05-8F99-4DA9-9ED3-68753FF12343}.Debug|x64.ActiveCfg = Debug|Any CPU
		{16A52D05-8F99-4DA9-9ED3-68753FF12343}.Debug|x64.Build.0 = Debug|Any CPU
		{16A52D05-8F99-4DA9-9ED3-68753FF12343}.Debug|x86.ActiveCfg = Debug|Any CPU
		{16A52D05-8F99-4DA9-9ED3-68753FF12343}.Debug|x86.Build.0 = Debug|Any CPU
		{16A52D05-8F99-4DA9-9ED3-68753FF12343}.Release|Any CPU.ActiveCfg = Release|Any CPU
		{16A52D05-8F99-4DA9-9ED3-68753FF12343}.Release|Any CPU.Build.0 = Release|Any CPU
		{16A52D05-8F99-4DA9-9ED3-68753FF12343}.Release|x64.ActiveCfg = Release|Any CPU
		{16A52D05-8F99-4DA9-9ED3-68753FF12343}.Release|x64.Build.0 = Release|Any CPU
		{16A52D05-8F99-4DA9-9ED3-68753FF12343}.Release|x86.ActiveCfg = Release|Any CPU
		{16A52D05-8F99-4DA9-9ED3-68753FF12343}.Release|x86.Build.0 = Release|Any CPU
		{DED8D2CA-D56B-4D65-9C25-37770D46AFE5}.Debug|Any CPU.ActiveCfg = Debug|Any CPU
		{DED8D2CA-D56B-4D65-9C25-37770D46AFE5}.Debug|Any CPU.Build.0 = Debug|Any CPU
		{DED8D2CA-D56B-4D65-9C25-37770D46AFE5}.Debug|x64.ActiveCfg = Debug|Any CPU
		{DED8D2CA-D56B-4D65-9C25-37770D46AFE5}.Debug|x64.Build.0 = Debug|Any CPU
		{DED8D2CA-D56B-4D65-9C25-37770D46AFE5}.Debug|x86.ActiveCfg = Debug|Any CPU
		{DED8D2CA-D56B-4D65-9C25-37770D46AFE5}.Debug|x86.Build.0 = Debug|Any CPU
		{DED8D2CA-D56B-4D65-9C25-37770D46AFE5}.Release|Any CPU.ActiveCfg = Release|Any CPU
		{DED8D2CA-D56B-4D65-9C25-37770D46AFE5}.Release|Any CPU.Build.0 = Release|Any CPU
		{DED8D2CA-D56B-4D65-9C25-37770D46AFE5}.Release|x64.ActiveCfg = Release|Any CPU
		{DED8D2CA-D56B-4D65-9C25-37770D46AFE5}.Release|x64.Build.0 = Release|Any CPU
		{DED8D2CA-D56B-4D65-9C25-37770D46AFE5}.Release|x86.ActiveCfg = Release|Any CPU
		{DED8D2CA-D56B-4D65-9C25-37770D46AFE5}.Release|x86.Build.0 = Release|Any CPU
		{B134C903-C4E9-43A8-9082-9245A4DD3DE0}.Debug|Any CPU.ActiveCfg = Debug|Any CPU
		{B134C903-C4E9-43A8-9082-9245A4DD3DE0}.Debug|Any CPU.Build.0 = Debug|Any CPU
		{B134C903-C4E9-43A8-9082-9245A4DD3DE0}.Debug|x64.ActiveCfg = Debug|Any CPU
		{B134C903-C4E9-43A8-9082-9245A4DD3DE0}.Debug|x64.Build.0 = Debug|Any CPU
		{B134C903-C4E9-43A8-9082-9245A4DD3DE0}.Debug|x86.ActiveCfg = Debug|Any CPU
		{B134C903-C4E9-43A8-9082-9245A4DD3DE0}.Debug|x86.Build.0 = Debug|Any CPU
		{B134C903-C4E9-43A8-9082-9245A4DD3DE0}.Release|Any CPU.ActiveCfg = Release|Any CPU
		{B134C903-C4E9-43A8-9082-9245A4DD3DE0}.Release|Any CPU.Build.0 = Release|Any CPU
		{B134C903-C4E9-43A8-9082-9245A4DD3DE0}.Release|x64.ActiveCfg = Release|Any CPU
		{B134C903-C4E9-43A8-9082-9245A4DD3DE0}.Release|x64.Build.0 = Release|Any CPU
		{B134C903-C4E9-43A8-9082-9245A4DD3DE0}.Release|x86.ActiveCfg = Release|Any CPU
		{B134C903-C4E9-43A8-9082-9245A4DD3DE0}.Release|x86.Build.0 = Release|Any CPU
	EndGlobalSection
	GlobalSection(SolutionProperties) = preSolution
		HideSolutionNode = FALSE
	EndGlobalSection
	GlobalSection(ExtensibilityGlobals) = postSolution
		SolutionGuid = {56A33D17-1CA6-4611-92E0-BABA69A326BD}
	EndGlobalSection
EndGlobal
